
Microsoft Visual Studio Solution File, Format Version 12.00
# Visual Studio Version 17
VisualStudioVersion = 17.1.32104.313
MinimumVisualStudioVersion = 10.0.40219.1
Project("{FAE04EC0-301F-11D3-BF4B-00C04F79EFBC}") = "DialogSample", "DialogSample\DialogSample.csproj", "{7DDFD621-BED2-490E-8360-310DB00CC695}"
EndProject
Project("{FAE04EC0-301F-11D3-BF4B-00C04F79EFBC}") = "WpfDialog", "WpfDialog\WpfDialog.csproj", "{6D1C0887-7B20-44F8-AA83-7E81F471F4CA}"
EndProject
Global
	GlobalSection(SolutionConfigurationPlatforms) = preSolution
		Debug|Any CPU = Debug|Any CPU
		Release|Any CPU = Release|Any CPU
	EndGlobalSection
	GlobalSection(ProjectConfigurationPlatforms) = postSolution
		{7DDFD621-BED2-490E-8360-310DB00CC695}.Debug|Any CPU.ActiveCfg = Debug|Any CPU
		{7DDFD621-BED2-490E-8360-310DB00CC695}.Debug|Any CPU.Build.0 = Debug|Any CPU
		{7DDFD621-BED2-490E-8360-310DB00CC695}.Release|Any CPU.ActiveCfg = Release|Any CPU
		{7DDFD621-BED2-490E-8360-310DB00CC695}.Release|Any CPU.Build.0 = Release|Any CPU
		{6D1C0887-7B20-44F8-AA83-7E81F471F4CA}.Debug|Any CPU.ActiveCfg = Debug|Any CPU
		{6D1C0887-7B20-44F8-AA83-7E81F471F4CA}.Debug|Any CPU.Build.0 = Debug|Any CPU
		{6D1C0887-7B20-44F8-AA83-7E81F471F4CA}.Release|Any CPU.ActiveCfg = Release|Any CPU
		{6D1C0887-7B20-44F8-AA83-7E81F471F4CA}.Release|Any CPU.Build.0 = Release|Any CPU
	EndGlobalSection
	GlobalSection(SolutionProperties) = preSolution
		HideSolutionNode = FALSE
	EndGlobalSection
	GlobalSection(ExtensibilityGlobals) = postSolution
		SolutionGuid = {E58275D3-BC61-4BD5-BF83-4D1F2EB284DC}
	EndGlobalSection
EndGlobal
